
Microsoft Visual Studio Solution File, Format Version 12.00
# Visual Studio 2012
Project("{FAE04EC0-301F-11D3-BF4B-00C04F79EFBC}") = "array", "array\array.csproj", "{16E7D30F-5EE9-4E9A-AEF1-7C8566D6AB5B}"
EndProject
Global
	GlobalSection(SolutionConfigurationPlatforms) = preSolution
		Debug|Any CPU = Debug|Any CPU
		Release|Any CPU = Release|Any CPU
	EndGlobalSection
	GlobalSection(ProjectConfigurationPlatforms) = postSolution
		{16E7D30F-5EE9-4E9A-AEF1-7C8566D6AB5B}.Debug|Any CPU.ActiveCfg = Debug|Any CPU
		{16E7D30F-5EE9-4E9A-AEF1-7C8566D6AB5B}.Debug|Any CPU.Build.0 = Debug|Any CPU
		{16E7D30F-5EE9-4E9A-AEF1-7C8566D6AB5B}.Release|Any CPU.ActiveCfg = Release|Any CPU
		{16E7D30F-5EE9-4E9A-AEF1-7C8566D6AB5B}.Release|Any CPU.Build.0 = Release|Any CPU
	EndGlobalSection
	GlobalSection(SolutionProperties) = preSolution
		HideSolutionNode = FALSE
	EndGlobalSection
EndGlobal
