
Microsoft Visual Studio Solution File, Format Version 12.00
# Visual Studio 2012
Project("{FAE04EC0-301F-11D3-BF4B-00C04F79EFBC}") = "explict", "explict\explict.csproj", "{647E731B-42DB-4131-AC57-E84579CD1B92}"
EndProject
Global
	GlobalSection(SolutionConfigurationPlatforms) = preSolution
		Debug|Any CPU = Debug|Any CPU
		Release|Any CPU = Release|Any CPU
	EndGlobalSection
	GlobalSection(ProjectConfigurationPlatforms) = postSolution
		{647E731B-42DB-4131-AC57-E84579CD1B92}.Debug|Any CPU.ActiveCfg = Debug|Any CPU
		{647E731B-42DB-4131-AC57-E84579CD1B92}.Debug|Any CPU.Build.0 = Debug|Any CPU
		{647E731B-42DB-4131-AC57-E84579CD1B92}.Release|Any CPU.ActiveCfg = Release|Any CPU
		{647E731B-42DB-4131-AC57-E84579CD1B92}.Release|Any CPU.Build.0 = Release|Any CPU
	EndGlobalSection
	GlobalSection(SolutionProperties) = preSolution
		HideSolutionNode = FALSE
	EndGlobalSection
EndGlobal
