
Microsoft Visual Studio Solution File, Format Version 12.00
# Visual Studio 2012
Project("{FAE04EC0-301F-11D3-BF4B-00C04F79EFBC}") = "multiarray", "multiarray\multiarray.csproj", "{FB97EE99-58EB-4436-B721-02296CF13F11}"
EndProject
Global
	GlobalSection(SolutionConfigurationPlatforms) = preSolution
		Debug|Any CPU = Debug|Any CPU
		Release|Any CPU = Release|Any CPU
	EndGlobalSection
	GlobalSection(ProjectConfigurationPlatforms) = postSolution
		{FB97EE99-58EB-4436-B721-02296CF13F11}.Debug|Any CPU.ActiveCfg = Debug|Any CPU
		{FB97EE99-58EB-4436-B721-02296CF13F11}.Debug|Any CPU.Build.0 = Debug|Any CPU
		{FB97EE99-58EB-4436-B721-02296CF13F11}.Release|Any CPU.ActiveCfg = Release|Any CPU
		{FB97EE99-58EB-4436-B721-02296CF13F11}.Release|Any CPU.Build.0 = Release|Any CPU
	EndGlobalSection
	GlobalSection(SolutionProperties) = preSolution
		HideSolutionNode = FALSE
	EndGlobalSection
EndGlobal
