
Microsoft Visual Studio Solution File, Format Version 12.00
# Visual Studio 2012
Project("{FAE04EC0-301F-11D3-BF4B-00C04F79EFBC}") = "numbermanipulator", "numbermanipulator\numbermanipulator.csproj", "{BAAFF241-DCA4-4C30-A962-643A9BD59DB0}"
EndProject
Global
	GlobalSection(SolutionConfigurationPlatforms) = preSolution
		Debug|Any CPU = Debug|Any CPU
		Release|Any CPU = Release|Any CPU
	EndGlobalSection
	GlobalSection(ProjectConfigurationPlatforms) = postSolution
		{BAAFF241-DCA4-4C30-A962-643A9BD59DB0}.Debug|Any CPU.ActiveCfg = Debug|Any CPU
		{BAAFF241-DCA4-4C30-A962-643A9BD59DB0}.Debug|Any CPU.Build.0 = Debug|Any CPU
		{BAAFF241-DCA4-4C30-A962-643A9BD59DB0}.Release|Any CPU.ActiveCfg = Release|Any CPU
		{BAAFF241-DCA4-4C30-A962-643A9BD59DB0}.Release|Any CPU.Build.0 = Release|Any CPU
	EndGlobalSection
	GlobalSection(SolutionProperties) = preSolution
		HideSolutionNode = FALSE
	EndGlobalSection
EndGlobal
